// !$*UTF8*$!
{
	archiveVersion = 1;
	classes = {
	};
	objectVersion = 52;
	objects = {

/* Begin PBXBuildFile section */
		8E8413913D79E2A588375A01 /* Pods_AnimalCrossingDBTests.framework in Frameworks */ = {isa = PBXBuildFile; fileRef = A64FA5D7FF9527B725E4C0EB /* Pods_AnimalCrossingDBTests.framework */; };
		9206FFCE2441B9FF002FD871 /* DateManager.swift in Sources */ = {isa = PBXBuildFile; fileRef = 9206FFCD2441B9FF002FD871 /* DateManager.swift */; };
		922623E9243A1E0900080F0F /* Refresher.swift in Sources */ = {isa = PBXBuildFile; fileRef = 922623E8243A1E0900080F0F /* Refresher.swift */; };
		926B635724336A1200BF9D2B /* MainTabView.swift in Sources */ = {isa = PBXBuildFile; fileRef = 926B635624336A1200BF9D2B /* MainTabView.swift */; };
		926B635A24336A7200BF9D2B /* CollectibleListView.swift in Sources */ = {isa = PBXBuildFile; fileRef = 926B635924336A7200BF9D2B /* CollectibleListView.swift */; };
		926B635E24336D7B00BF9D2B /* GoogleService-Info.plist in Resources */ = {isa = PBXBuildFile; fileRef = 926B635D24336D7B00BF9D2B /* GoogleService-Info.plist */; };
		926B636524336F0200BF9D2B /* CollectibleListViewModel.swift in Sources */ = {isa = PBXBuildFile; fileRef = 926B636424336F0200BF9D2B /* CollectibleListViewModel.swift */; };
		926B636824336F6900BF9D2B /* StorageManager.swift in Sources */ = {isa = PBXBuildFile; fileRef = 926B636724336F6900BF9D2B /* StorageManager.swift */; };
		926B637024337BF900BF9D2B /* Fish.swift in Sources */ = {isa = PBXBuildFile; fileRef = 926B636F24337BF900BF9D2B /* Fish.swift */; };
		926B637D2434D00700BF9D2B /* SearchBar.swift in Sources */ = {isa = PBXBuildFile; fileRef = 926B637C2434D00700BF9D2B /* SearchBar.swift */; };
		926B63802434D0FF00BF9D2B /* Combine+WithLatestFrom.swift in Sources */ = {isa = PBXBuildFile; fileRef = 926B637F2434D0FF00BF9D2B /* Combine+WithLatestFrom.swift */; };
		926B63822434F10D00BF9D2B /* View+AnimalCrossingDB.swift in Sources */ = {isa = PBXBuildFile; fileRef = 926B63812434F10D00BF9D2B /* View+AnimalCrossingDB.swift */; };
		926B63862434F75600BF9D2B /* Insect.swift in Sources */ = {isa = PBXBuildFile; fileRef = 926B63852434F75600BF9D2B /* Insect.swift */; };
		926B638B2434FE8F00BF9D2B /* Collectible.swift in Sources */ = {isa = PBXBuildFile; fileRef = 926B638A2434FE8F00BF9D2B /* Collectible.swift */; };
		927770F1243506D300314ADC /* SwiftyUserDefaults in Frameworks */ = {isa = PBXBuildFile; productRef = 927770F0243506D300314ADC /* SwiftyUserDefaults */; };
		927770F3243507CB00314ADC /* Versions.swift in Sources */ = {isa = PBXBuildFile; fileRef = 927770F2243507CB00314ADC /* Versions.swift */; };
		927770F624350FBA00314ADC /* ZIPFoundation in Frameworks */ = {isa = PBXBuildFile; productRef = 927770F524350FBA00314ADC /* ZIPFoundation */; };
		927770FB2435B3FD00314ADC /* SplashView.swift in Sources */ = {isa = PBXBuildFile; fileRef = 927770FA2435B3FD00314ADC /* SplashView.swift */; };
		927770FD2435B49B00314ADC /* ActivityIndicator.swift in Sources */ = {isa = PBXBuildFile; fileRef = 927770FC2435B49B00314ADC /* ActivityIndicator.swift */; };
		927771002435B71600314ADC /* SplashViewModel.swift in Sources */ = {isa = PBXBuildFile; fileRef = 927770FF2435B71600314ADC /* SplashViewModel.swift */; };
		927771042435CA0600314ADC /* FishDetailView.swift in Sources */ = {isa = PBXBuildFile; fileRef = 927771032435CA0600314ADC /* FishDetailView.swift */; };
		927771062435D06700314ADC /* FishDetailViewModel.swift in Sources */ = {isa = PBXBuildFile; fileRef = 927771052435D06700314ADC /* FishDetailViewModel.swift */; };
		927771082435E24000314ADC /* TabBar.swift in Sources */ = {isa = PBXBuildFile; fileRef = 927771072435E24000314ADC /* TabBar.swift */; };
		927771102435E62600314ADC /* InsectDetailView.swift in Sources */ = {isa = PBXBuildFile; fileRef = 9277710F2435E62600314ADC /* InsectDetailView.swift */; };
		927771122435E62F00314ADC /* InsectDetailViewModel.swift in Sources */ = {isa = PBXBuildFile; fileRef = 927771112435E62F00314ADC /* InsectDetailViewModel.swift */; };
		927771162435E90200314ADC /* SettingView.swift in Sources */ = {isa = PBXBuildFile; fileRef = 927771152435E90200314ADC /* SettingView.swift */; };
		927771182435E90A00314ADC /* SettingViewModel.swift in Sources */ = {isa = PBXBuildFile; fileRef = 927771172435E90A00314ADC /* SettingViewModel.swift */; };
		9277711A2435E95800314ADC /* MailView.swift in Sources */ = {isa = PBXBuildFile; fileRef = 927771192435E95800314ADC /* MailView.swift */; };
		9277711C2435FBDE00314ADC /* PushManager.swift in Sources */ = {isa = PBXBuildFile; fileRef = 9277711B2435FBDE00314ADC /* PushManager.swift */; };
		9277711F2435FCA300314ADC /* SwiftEntryKit in Frameworks */ = {isa = PBXBuildFile; productRef = 9277711E2435FCA300314ADC /* SwiftEntryKit */; };
		927771212435FD4F00314ADC /* SwiftEntryKit+GangnamSister.swift in Sources */ = {isa = PBXBuildFile; fileRef = 927771202435FD4F00314ADC /* SwiftEntryKit+GangnamSister.swift */; };
		927771232436231400314ADC /* Settings.bundle in Resources */ = {isa = PBXBuildFile; fileRef = 927771222436231400314ADC /* Settings.bundle */; };
		92BB60DA2433610C008E23A4 /* AppDelegate.swift in Sources */ = {isa = PBXBuildFile; fileRef = 92BB60D92433610C008E23A4 /* AppDelegate.swift */; };
		92BB60DC2433610C008E23A4 /* SceneDelegate.swift in Sources */ = {isa = PBXBuildFile; fileRef = 92BB60DB2433610C008E23A4 /* SceneDelegate.swift */; };
		92BB60E02433610E008E23A4 /* Assets.xcassets in Resources */ = {isa = PBXBuildFile; fileRef = 92BB60DF2433610E008E23A4 /* Assets.xcassets */; };
		92BB60E32433610E008E23A4 /* Preview Assets.xcassets in Resources */ = {isa = PBXBuildFile; fileRef = 92BB60E22433610E008E23A4 /* Preview Assets.xcassets */; };
		92BB60E62433610E008E23A4 /* LaunchScreen.storyboard in Resources */ = {isa = PBXBuildFile; fileRef = 92BB60E42433610E008E23A4 /* LaunchScreen.storyboard */; };
		92BB60F12433610F008E23A4 /* AnimalCrossingDBTests.swift in Sources */ = {isa = PBXBuildFile; fileRef = 92BB60F02433610F008E23A4 /* AnimalCrossingDBTests.swift */; };
		92BB61002433623E008E23A4 /* SwifterSwift in Frameworks */ = {isa = PBXBuildFile; productRef = 92BB60FF2433623E008E23A4 /* SwifterSwift */; };
		FEEA96A693C3CF36A611A8B7 /* Pods_AnimalCrossingDB.framework in Frameworks */ = {isa = PBXBuildFile; fileRef = 6CA4370A5036F2B43F4309F4 /* Pods_AnimalCrossingDB.framework */; };
/* End PBXBuildFile section */

/* Begin PBXContainerItemProxy section */
		92BB60ED2433610F008E23A4 /* PBXContainerItemProxy */ = {
			isa = PBXContainerItemProxy;
			containerPortal = 92BB60CE2433610C008E23A4 /* Project object */;
			proxyType = 1;
			remoteGlobalIDString = 92BB60D52433610C008E23A4;
			remoteInfo = AnimalCrossingDB;
		};
/* End PBXContainerItemProxy section */

/* Begin PBXFileReference section */
		3C9FE94EA5B3A7DE2757351E /* Pods-AnimalCrossingDB.debug.xcconfig */ = {isa = PBXFileReference; includeInIndex = 1; lastKnownFileType = text.xcconfig; name = "Pods-AnimalCrossingDB.debug.xcconfig"; path = "Target Support Files/Pods-AnimalCrossingDB/Pods-AnimalCrossingDB.debug.xcconfig"; sourceTree = "<group>"; };
		6CA4370A5036F2B43F4309F4 /* Pods_AnimalCrossingDB.framework */ = {isa = PBXFileReference; explicitFileType = wrapper.framework; includeInIndex = 0; path = Pods_AnimalCrossingDB.framework; sourceTree = BUILT_PRODUCTS_DIR; };
		8DFB4D78EDC116FC017D0B29 /* Pods-AnimalCrossingDB.release.xcconfig */ = {isa = PBXFileReference; includeInIndex = 1; lastKnownFileType = text.xcconfig; name = "Pods-AnimalCrossingDB.release.xcconfig"; path = "Target Support Files/Pods-AnimalCrossingDB/Pods-AnimalCrossingDB.release.xcconfig"; sourceTree = "<group>"; };
		9206FFCD2441B9FF002FD871 /* DateManager.swift */ = {isa = PBXFileReference; lastKnownFileType = sourcecode.swift; path = DateManager.swift; sourceTree = "<group>"; };
		922623E8243A1E0900080F0F /* Refresher.swift */ = {isa = PBXFileReference; lastKnownFileType = sourcecode.swift; path = Refresher.swift; sourceTree = "<group>"; };
		926B635624336A1200BF9D2B /* MainTabView.swift */ = {isa = PBXFileReference; lastKnownFileType = sourcecode.swift; path = MainTabView.swift; sourceTree = "<group>"; };
		926B635924336A7200BF9D2B /* CollectibleListView.swift */ = {isa = PBXFileReference; lastKnownFileType = sourcecode.swift; path = CollectibleListView.swift; sourceTree = "<group>"; };
		926B635D24336D7B00BF9D2B /* GoogleService-Info.plist */ = {isa = PBXFileReference; fileEncoding = 4; lastKnownFileType = text.plist.xml; path = "GoogleService-Info.plist"; sourceTree = "<group>"; };
		926B636424336F0200BF9D2B /* CollectibleListViewModel.swift */ = {isa = PBXFileReference; lastKnownFileType = sourcecode.swift; path = CollectibleListViewModel.swift; sourceTree = "<group>"; };
		926B636724336F6900BF9D2B /* StorageManager.swift */ = {isa = PBXFileReference; lastKnownFileType = sourcecode.swift; path = StorageManager.swift; sourceTree = "<group>"; };
		926B636F24337BF900BF9D2B /* Fish.swift */ = {isa = PBXFileReference; lastKnownFileType = sourcecode.swift; path = Fish.swift; sourceTree = "<group>"; };
		926B637C2434D00700BF9D2B /* SearchBar.swift */ = {isa = PBXFileReference; lastKnownFileType = sourcecode.swift; path = SearchBar.swift; sourceTree = "<group>"; };
		926B637F2434D0FF00BF9D2B /* Combine+WithLatestFrom.swift */ = {isa = PBXFileReference; fileEncoding = 4; lastKnownFileType = sourcecode.swift; path = "Combine+WithLatestFrom.swift"; sourceTree = "<group>"; };
		926B63812434F10D00BF9D2B /* View+AnimalCrossingDB.swift */ = {isa = PBXFileReference; lastKnownFileType = sourcecode.swift; path = "View+AnimalCrossingDB.swift"; sourceTree = "<group>"; };
		926B63852434F75600BF9D2B /* Insect.swift */ = {isa = PBXFileReference; lastKnownFileType = sourcecode.swift; path = Insect.swift; sourceTree = "<group>"; };
		926B638A2434FE8F00BF9D2B /* Collectible.swift */ = {isa = PBXFileReference; lastKnownFileType = sourcecode.swift; path = Collectible.swift; sourceTree = "<group>"; };
		927770F2243507CB00314ADC /* Versions.swift */ = {isa = PBXFileReference; lastKnownFileType = sourcecode.swift; path = Versions.swift; sourceTree = "<group>"; };
		927770FA2435B3FD00314ADC /* SplashView.swift */ = {isa = PBXFileReference; lastKnownFileType = sourcecode.swift; path = SplashView.swift; sourceTree = "<group>"; };
		927770FC2435B49B00314ADC /* ActivityIndicator.swift */ = {isa = PBXFileReference; lastKnownFileType = sourcecode.swift; path = ActivityIndicator.swift; sourceTree = "<group>"; };
		927770FF2435B71600314ADC /* SplashViewModel.swift */ = {isa = PBXFileReference; lastKnownFileType = sourcecode.swift; path = SplashViewModel.swift; sourceTree = "<group>"; };
		927771032435CA0600314ADC /* FishDetailView.swift */ = {isa = PBXFileReference; lastKnownFileType = sourcecode.swift; path = FishDetailView.swift; sourceTree = "<group>"; };
		927771052435D06700314ADC /* FishDetailViewModel.swift */ = {isa = PBXFileReference; lastKnownFileType = sourcecode.swift; path = FishDetailViewModel.swift; sourceTree = "<group>"; };
		927771072435E24000314ADC /* TabBar.swift */ = {isa = PBXFileReference; lastKnownFileType = sourcecode.swift; path = TabBar.swift; sourceTree = "<group>"; };
		9277710F2435E62600314ADC /* InsectDetailView.swift */ = {isa = PBXFileReference; lastKnownFileType = sourcecode.swift; path = InsectDetailView.swift; sourceTree = "<group>"; };
		927771112435E62F00314ADC /* InsectDetailViewModel.swift */ = {isa = PBXFileReference; lastKnownFileType = sourcecode.swift; path = InsectDetailViewModel.swift; sourceTree = "<group>"; };
		927771152435E90200314ADC /* SettingView.swift */ = {isa = PBXFileReference; fileEncoding = 4; lastKnownFileType = sourcecode.swift; path = SettingView.swift; sourceTree = "<group>"; };
		927771172435E90A00314ADC /* SettingViewModel.swift */ = {isa = PBXFileReference; fileEncoding = 4; lastKnownFileType = sourcecode.swift; path = SettingViewModel.swift; sourceTree = "<group>"; };
		927771192435E95800314ADC /* MailView.swift */ = {isa = PBXFileReference; fileEncoding = 4; lastKnownFileType = sourcecode.swift; path = MailView.swift; sourceTree = "<group>"; };
		9277711B2435FBDE00314ADC /* PushManager.swift */ = {isa = PBXFileReference; lastKnownFileType = sourcecode.swift; path = PushManager.swift; sourceTree = "<group>"; };
		927771202435FD4F00314ADC /* SwiftEntryKit+GangnamSister.swift */ = {isa = PBXFileReference; fileEncoding = 4; lastKnownFileType = sourcecode.swift; path = "SwiftEntryKit+GangnamSister.swift"; sourceTree = "<group>"; };
		927771222436231400314ADC /* Settings.bundle */ = {isa = PBXFileReference; lastKnownFileType = "wrapper.plug-in"; path = Settings.bundle; sourceTree = "<group>"; };
		927771242436244000314ADC /* ko */ = {isa = PBXFileReference; lastKnownFileType = text.plist.strings; name = ko; path = ko.lproj/LaunchScreen.strings; sourceTree = "<group>"; };
		92BB60D62433610C008E23A4 /* 채집보벳따우.app */ = {isa = PBXFileReference; explicitFileType = wrapper.application; includeInIndex = 0; path = "채집보벳따우.app"; sourceTree = BUILT_PRODUCTS_DIR; };
		92BB60D92433610C008E23A4 /* AppDelegate.swift */ = {isa = PBXFileReference; lastKnownFileType = sourcecode.swift; path = AppDelegate.swift; sourceTree = "<group>"; };
		92BB60DB2433610C008E23A4 /* SceneDelegate.swift */ = {isa = PBXFileReference; lastKnownFileType = sourcecode.swift; path = SceneDelegate.swift; sourceTree = "<group>"; };
		92BB60DF2433610E008E23A4 /* Assets.xcassets */ = {isa = PBXFileReference; lastKnownFileType = folder.assetcatalog; path = Assets.xcassets; sourceTree = "<group>"; };
		92BB60E22433610E008E23A4 /* Preview Assets.xcassets */ = {isa = PBXFileReference; lastKnownFileType = folder.assetcatalog; path = "Preview Assets.xcassets"; sourceTree = "<group>"; };
		92BB60E52433610E008E23A4 /* Base */ = {isa = PBXFileReference; lastKnownFileType = file.storyboard; name = Base; path = Base.lproj/LaunchScreen.storyboard; sourceTree = "<group>"; };
		92BB60E72433610E008E23A4 /* Info.plist */ = {isa = PBXFileReference; lastKnownFileType = text.plist.xml; path = Info.plist; sourceTree = "<group>"; };
		92BB60EC2433610F008E23A4 /* AnimalCrossingDBTests.xctest */ = {isa = PBXFileReference; explicitFileType = wrapper.cfbundle; includeInIndex = 0; path = AnimalCrossingDBTests.xctest; sourceTree = BUILT_PRODUCTS_DIR; };
		92BB60F02433610F008E23A4 /* AnimalCrossingDBTests.swift */ = {isa = PBXFileReference; lastKnownFileType = sourcecode.swift; path = AnimalCrossingDBTests.swift; sourceTree = "<group>"; };
		92BB60F22433610F008E23A4 /* Info.plist */ = {isa = PBXFileReference; lastKnownFileType = text.plist.xml; path = Info.plist; sourceTree = "<group>"; };
		A64FA5D7FF9527B725E4C0EB /* Pods_AnimalCrossingDBTests.framework */ = {isa = PBXFileReference; explicitFileType = wrapper.framework; includeInIndex = 0; path = Pods_AnimalCrossingDBTests.framework; sourceTree = BUILT_PRODUCTS_DIR; };
		BE724DB6D36683AE8D02CF5D /* Pods-AnimalCrossingDBTests.debug.xcconfig */ = {isa = PBXFileReference; includeInIndex = 1; lastKnownFileType = text.xcconfig; name = "Pods-AnimalCrossingDBTests.debug.xcconfig"; path = "Target Support Files/Pods-AnimalCrossingDBTests/Pods-AnimalCrossingDBTests.debug.xcconfig"; sourceTree = "<group>"; };
		E8858EFAB9D71F770090CF2F /* Pods-AnimalCrossingDBTests.release.xcconfig */ = {isa = PBXFileReference; includeInIndex = 1; lastKnownFileType = text.xcconfig; name = "Pods-AnimalCrossingDBTests.release.xcconfig"; path = "Target Support Files/Pods-AnimalCrossingDBTests/Pods-AnimalCrossingDBTests.release.xcconfig"; sourceTree = "<group>"; };
/* End PBXFileReference section */

/* Begin PBXFrameworksBuildPhase section */
		92BB60D32433610C008E23A4 /* Frameworks */ = {
			isa = PBXFrameworksBuildPhase;
			buildActionMask = 2147483647;
			files = (
				92BB61002433623E008E23A4 /* SwifterSwift in Frameworks */,
				FEEA96A693C3CF36A611A8B7 /* Pods_AnimalCrossingDB.framework in Frameworks */,
				9277711F2435FCA300314ADC /* SwiftEntryKit in Frameworks */,
				927770F1243506D300314ADC /* SwiftyUserDefaults in Frameworks */,
				927770F624350FBA00314ADC /* ZIPFoundation in Frameworks */,
			);
			runOnlyForDeploymentPostprocessing = 0;
		};
		92BB60E92433610F008E23A4 /* Frameworks */ = {
			isa = PBXFrameworksBuildPhase;
			buildActionMask = 2147483647;
			files = (
				8E8413913D79E2A588375A01 /* Pods_AnimalCrossingDBTests.framework in Frameworks */,
			);
			runOnlyForDeploymentPostprocessing = 0;
		};
/* End PBXFrameworksBuildPhase section */

/* Begin PBXGroup section */
		922623EA243A257D00080F0F /* Filter */ = {
			isa = PBXGroup;
			children = (
				922623ED243A261500080F0F /* ViewModels */,
				922623EC243A261100080F0F /* Views */,
			);
			path = Filter;
			sourceTree = "<group>";
		};
		922623EB243A25A400080F0F /* Modules */ = {
			isa = PBXGroup;
			children = (
				92BB6131243365DE008E23A4 /* Main */,
				927771262439A50D00314ADC /* Collectible */,
				922623EA243A257D00080F0F /* Filter */,
				92BB6130243364F5008E23A4 /* Fish */,
				92BB6132243365E8008E23A4 /* Insect */,
				9277710C2435E5B800314ADC /* Settings */,
			);
			path = Modules;
			sourceTree = "<group>";
		};
		922623EC243A261100080F0F /* Views */ = {
			isa = PBXGroup;
			children = (
			);
			path = Views;
			sourceTree = "<group>";
		};
		922623ED243A261500080F0F /* ViewModels */ = {
			isa = PBXGroup;
			children = (
			);
			path = ViewModels;
			sourceTree = "<group>";
		};
		926B635F24336ECC00BF9D2B /* Views */ = {
			isa = PBXGroup;
			children = (
				927771032435CA0600314ADC /* FishDetailView.swift */,
			);
			path = Views;
			sourceTree = "<group>";
		};
		926B636024336ED300BF9D2B /* Views */ = {
			isa = PBXGroup;
			children = (
				927770FA2435B3FD00314ADC /* SplashView.swift */,
				926B635624336A1200BF9D2B /* MainTabView.swift */,
			);
			path = Views;
			sourceTree = "<group>";
		};
		926B636124336EDA00BF9D2B /* Views */ = {
			isa = PBXGroup;
			children = (
				9277710F2435E62600314ADC /* InsectDetailView.swift */,
			);
			path = Views;
			sourceTree = "<group>";
		};
		926B636224336EDF00BF9D2B /* ViewModels */ = {
			isa = PBXGroup;
			children = (
				927771052435D06700314ADC /* FishDetailViewModel.swift */,
			);
			path = ViewModels;
			sourceTree = "<group>";
		};
		926B636324336EE200BF9D2B /* ViewModels */ = {
			isa = PBXGroup;
			children = (
				927771112435E62F00314ADC /* InsectDetailViewModel.swift */,
			);
			path = ViewModels;
			sourceTree = "<group>";
		};
		926B636624336F5400BF9D2B /* Managers */ = {
			isa = PBXGroup;
			children = (
				926B636724336F6900BF9D2B /* StorageManager.swift */,
				9277711B2435FBDE00314ADC /* PushManager.swift */,
				922623E8243A1E0900080F0F /* Refresher.swift */,
				9206FFCD2441B9FF002FD871 /* DateManager.swift */,
			);
			path = Managers;
			sourceTree = "<group>";
		};
		926B636E24337BEA00BF9D2B /* Models */ = {
			isa = PBXGroup;
			children = (
				926B638A2434FE8F00BF9D2B /* Collectible.swift */,
				926B636F24337BF900BF9D2B /* Fish.swift */,
				926B63852434F75600BF9D2B /* Insect.swift */,
				927770F2243507CB00314ADC /* Versions.swift */,
			);
			path = Models;
			sourceTree = "<group>";
		};
		926B637B2434CFF800BF9D2B /* Representable */ = {
			isa = PBXGroup;
			children = (
				927771192435E95800314ADC /* MailView.swift */,
				926B637C2434D00700BF9D2B /* SearchBar.swift */,
			);
			path = Representable;
			sourceTree = "<group>";
		};
		926B637E2434D0FF00BF9D2B /* Extensions */ = {
			isa = PBXGroup;
			children = (
				927771202435FD4F00314ADC /* SwiftEntryKit+GangnamSister.swift */,
				926B637F2434D0FF00BF9D2B /* Combine+WithLatestFrom.swift */,
				926B63812434F10D00BF9D2B /* View+AnimalCrossingDB.swift */,
			);
			path = Extensions;
			sourceTree = "<group>";
		};
		926B63892434FDEB00BF9D2B /* Views */ = {
			isa = PBXGroup;
			children = (
				927770FC2435B49B00314ADC /* ActivityIndicator.swift */,
				927771072435E24000314ADC /* TabBar.swift */,
			);
			path = Views;
			sourceTree = "<group>";
		};
		927770FE2435B70C00314ADC /* ViewModels */ = {
			isa = PBXGroup;
			children = (
				927770FF2435B71600314ADC /* SplashViewModel.swift */,
			);
			path = ViewModels;
			sourceTree = "<group>";
		};
		9277710C2435E5B800314ADC /* Settings */ = {
			isa = PBXGroup;
			children = (
				9277710E2435E5C500314ADC /* ViewModels */,
				9277710D2435E5BF00314ADC /* Views */,
			);
			path = Settings;
			sourceTree = "<group>";
		};
		9277710D2435E5BF00314ADC /* Views */ = {
			isa = PBXGroup;
			children = (
				927771152435E90200314ADC /* SettingView.swift */,
			);
			path = Views;
			sourceTree = "<group>";
		};
		9277710E2435E5C500314ADC /* ViewModels */ = {
			isa = PBXGroup;
			children = (
				927771172435E90A00314ADC /* SettingViewModel.swift */,
			);
			path = ViewModels;
			sourceTree = "<group>";
		};
		927771262439A50D00314ADC /* Collectible */ = {
			isa = PBXGroup;
			children = (
				927771282439A52100314ADC /* ViewModels */,
				927771272439A51C00314ADC /* Views */,
			);
			path = Collectible;
			sourceTree = "<group>";
		};
		927771272439A51C00314ADC /* Views */ = {
			isa = PBXGroup;
			children = (
				926B635924336A7200BF9D2B /* CollectibleListView.swift */,
			);
			path = Views;
			sourceTree = "<group>";
		};
		927771282439A52100314ADC /* ViewModels */ = {
			isa = PBXGroup;
			children = (
				926B636424336F0200BF9D2B /* CollectibleListViewModel.swift */,
			);
			path = ViewModels;
			sourceTree = "<group>";
		};
		92BB60CD2433610C008E23A4 = {
			isa = PBXGroup;
			children = (
				92BB60D82433610C008E23A4 /* AnimalCrossingDB */,
				92BB60EF2433610F008E23A4 /* AnimalCrossingDBTests */,
				92BB60D72433610C008E23A4 /* Products */,
				98BF82FC86A90B10F98D24C8 /* Pods */,
				C4DEAACE8C9DEC3F8CD3E17E /* Frameworks */,
			);
			sourceTree = "<group>";
		};
		92BB60D72433610C008E23A4 /* Products */ = {
			isa = PBXGroup;
			children = (
				92BB60D62433610C008E23A4 /* 채집보벳따우.app */,
				92BB60EC2433610F008E23A4 /* AnimalCrossingDBTests.xctest */,
			);
			name = Products;
			sourceTree = "<group>";
		};
		92BB60D82433610C008E23A4 /* AnimalCrossingDB */ = {
			isa = PBXGroup;
			children = (
				926B63892434FDEB00BF9D2B /* Views */,
				926B637E2434D0FF00BF9D2B /* Extensions */,
				926B637B2434CFF800BF9D2B /* Representable */,
				926B636E24337BEA00BF9D2B /* Models */,
				926B636624336F5400BF9D2B /* Managers */,
				922623EB243A25A400080F0F /* Modules */,
				92BB60D92433610C008E23A4 /* AppDelegate.swift */,
				92BB60DB2433610C008E23A4 /* SceneDelegate.swift */,
				92BB60DF2433610E008E23A4 /* Assets.xcassets */,
				92BB60E42433610E008E23A4 /* LaunchScreen.storyboard */,
				92BB60E72433610E008E23A4 /* Info.plist */,
				926B635D24336D7B00BF9D2B /* GoogleService-Info.plist */,
				927771222436231400314ADC /* Settings.bundle */,
				92BB60E12433610E008E23A4 /* Preview Content */,
			);
			path = AnimalCrossingDB;
			sourceTree = "<group>";
		};
		92BB60E12433610E008E23A4 /* Preview Content */ = {
			isa = PBXGroup;
			children = (
				92BB60E22433610E008E23A4 /* Preview Assets.xcassets */,
			);
			path = "Preview Content";
			sourceTree = "<group>";
		};
		92BB60EF2433610F008E23A4 /* AnimalCrossingDBTests */ = {
			isa = PBXGroup;
			children = (
				92BB60F02433610F008E23A4 /* AnimalCrossingDBTests.swift */,
				92BB60F22433610F008E23A4 /* Info.plist */,
			);
			path = AnimalCrossingDBTests;
			sourceTree = "<group>";
		};
		92BB6130243364F5008E23A4 /* Fish */ = {
			isa = PBXGroup;
			children = (
				926B636224336EDF00BF9D2B /* ViewModels */,
				926B635F24336ECC00BF9D2B /* Views */,
			);
			path = Fish;
			sourceTree = "<group>";
		};
		92BB6131243365DE008E23A4 /* Main */ = {
			isa = PBXGroup;
			children = (
				927770FE2435B70C00314ADC /* ViewModels */,
				926B636024336ED300BF9D2B /* Views */,
			);
			path = Main;
			sourceTree = "<group>";
		};
		92BB6132243365E8008E23A4 /* Insect */ = {
			isa = PBXGroup;
			children = (
				926B636324336EE200BF9D2B /* ViewModels */,
				926B636124336EDA00BF9D2B /* Views */,
			);
			path = Insect;
			sourceTree = "<group>";
		};
		98BF82FC86A90B10F98D24C8 /* Pods */ = {
			isa = PBXGroup;
			children = (
				3C9FE94EA5B3A7DE2757351E /* Pods-AnimalCrossingDB.debug.xcconfig */,
				8DFB4D78EDC116FC017D0B29 /* Pods-AnimalCrossingDB.release.xcconfig */,
				BE724DB6D36683AE8D02CF5D /* Pods-AnimalCrossingDBTests.debug.xcconfig */,
				E8858EFAB9D71F770090CF2F /* Pods-AnimalCrossingDBTests.release.xcconfig */,
			);
			path = Pods;
			sourceTree = "<group>";
		};
		C4DEAACE8C9DEC3F8CD3E17E /* Frameworks */ = {
			isa = PBXGroup;
			children = (
				6CA4370A5036F2B43F4309F4 /* Pods_AnimalCrossingDB.framework */,
				A64FA5D7FF9527B725E4C0EB /* Pods_AnimalCrossingDBTests.framework */,
			);
			name = Frameworks;
			sourceTree = "<group>";
		};
/* End PBXGroup section */

/* Begin PBXNativeTarget section */
		92BB60D52433610C008E23A4 /* AnimalCrossingDB */ = {
			isa = PBXNativeTarget;
			buildConfigurationList = 92BB60F52433610F008E23A4 /* Build configuration list for PBXNativeTarget "AnimalCrossingDB" */;
			buildPhases = (
				7E604F473E67B49806504E66 /* [CP] Check Pods Manifest.lock */,
				92BB60D22433610C008E23A4 /* Sources */,
				92BB60D32433610C008E23A4 /* Frameworks */,
				92BB60D42433610C008E23A4 /* Resources */,
				926B636A24336FB200BF9D2B /* Crashlytics */,
				DD648812967A7FAE9889CCC5 /* [CP] Embed Pods Frameworks */,
			);
			buildRules = (
			);
			dependencies = (
			);
			name = AnimalCrossingDB;
			packageProductDependencies = (
				92BB60FF2433623E008E23A4 /* SwifterSwift */,
				927770F0243506D300314ADC /* SwiftyUserDefaults */,
				927770F524350FBA00314ADC /* ZIPFoundation */,
				9277711E2435FCA300314ADC /* SwiftEntryKit */,
			);
			productName = AnimalCrossingDB;
			productReference = 92BB60D62433610C008E23A4 /* 채집보벳따우.app */;
			productType = "com.apple.product-type.application";
		};
		92BB60EB2433610F008E23A4 /* AnimalCrossingDBTests */ = {
			isa = PBXNativeTarget;
			buildConfigurationList = 92BB60F82433610F008E23A4 /* Build configuration list for PBXNativeTarget "AnimalCrossingDBTests" */;
			buildPhases = (
				4637CF275381AF29300A0289 /* [CP] Check Pods Manifest.lock */,
				92BB60E82433610F008E23A4 /* Sources */,
				92BB60E92433610F008E23A4 /* Frameworks */,
				92BB60EA2433610F008E23A4 /* Resources */,
			);
			buildRules = (
			);
			dependencies = (
				92BB60EE2433610F008E23A4 /* PBXTargetDependency */,
			);
			name = AnimalCrossingDBTests;
			productName = AnimalCrossingDBTests;
			productReference = 92BB60EC2433610F008E23A4 /* AnimalCrossingDBTests.xctest */;
			productType = "com.apple.product-type.bundle.unit-test";
		};
/* End PBXNativeTarget section */

/* Begin PBXProject section */
		92BB60CE2433610C008E23A4 /* Project object */ = {
			isa = PBXProject;
			attributes = {
				LastSwiftUpdateCheck = 1140;
				LastUpgradeCheck = 1140;
				ORGANIZATIONNAME = Shirou;
				TargetAttributes = {
					92BB60D52433610C008E23A4 = {
						CreatedOnToolsVersion = 11.4;
					};
					92BB60EB2433610F008E23A4 = {
						CreatedOnToolsVersion = 11.4;
						TestTargetID = 92BB60D52433610C008E23A4;
					};
				};
			};
			buildConfigurationList = 92BB60D12433610C008E23A4 /* Build configuration list for PBXProject "AnimalCrossingDB" */;
			compatibilityVersion = "Xcode 9.3";
			developmentRegion = en;
			hasScannedForEncodings = 0;
			knownRegions = (
				en,
				Base,
				ko,
			);
			mainGroup = 92BB60CD2433610C008E23A4;
			packageReferences = (
				92BB60FE2433623E008E23A4 /* XCRemoteSwiftPackageReference "SwifterSwift" */,
				927770EF243506D300314ADC /* XCRemoteSwiftPackageReference "SwiftyUserDefaults" */,
				927770F424350FBA00314ADC /* XCRemoteSwiftPackageReference "ZIPFoundation" */,
				9277711D2435FCA300314ADC /* XCRemoteSwiftPackageReference "SwiftEntryKit" */,
			);
			productRefGroup = 92BB60D72433610C008E23A4 /* Products */;
			projectDirPath = "";
			projectRoot = "";
			targets = (
				92BB60D52433610C008E23A4 /* AnimalCrossingDB */,
				92BB60EB2433610F008E23A4 /* AnimalCrossingDBTests */,
			);
		};
/* End PBXProject section */

/* Begin PBXResourcesBuildPhase section */
		92BB60D42433610C008E23A4 /* Resources */ = {
			isa = PBXResourcesBuildPhase;
			buildActionMask = 2147483647;
			files = (
				92BB60E62433610E008E23A4 /* LaunchScreen.storyboard in Resources */,
				92BB60E32433610E008E23A4 /* Preview Assets.xcassets in Resources */,
				927771232436231400314ADC /* Settings.bundle in Resources */,
				92BB60E02433610E008E23A4 /* Assets.xcassets in Resources */,
				926B635E24336D7B00BF9D2B /* GoogleService-Info.plist in Resources */,
			);
			runOnlyForDeploymentPostprocessing = 0;
		};
		92BB60EA2433610F008E23A4 /* Resources */ = {
			isa = PBXResourcesBuildPhase;
			buildActionMask = 2147483647;
			files = (
			);
			runOnlyForDeploymentPostprocessing = 0;
		};
/* End PBXResourcesBuildPhase section */

/* Begin PBXShellScriptBuildPhase section */
		4637CF275381AF29300A0289 /* [CP] Check Pods Manifest.lock */ = {
			isa = PBXShellScriptBuildPhase;
			buildActionMask = 2147483647;
			files = (
			);
			inputFileListPaths = (
			);
			inputPaths = (
				"${PODS_PODFILE_DIR_PATH}/Podfile.lock",
				"${PODS_ROOT}/Manifest.lock",
			);
			name = "[CP] Check Pods Manifest.lock";
			outputFileListPaths = (
			);
			outputPaths = (
				"$(DERIVED_FILE_DIR)/Pods-AnimalCrossingDBTests-checkManifestLockResult.txt",
			);
			runOnlyForDeploymentPostprocessing = 0;
			shellPath = /bin/sh;
			shellScript = "diff \"${PODS_PODFILE_DIR_PATH}/Podfile.lock\" \"${PODS_ROOT}/Manifest.lock\" > /dev/null\nif [ $? != 0 ] ; then\n    # print error to STDERR\n    echo \"error: The sandbox is not in sync with the Podfile.lock. Run 'pod install' or update your CocoaPods installation.\" >&2\n    exit 1\nfi\n# This output is used by Xcode 'outputs' to avoid re-running this script phase.\necho \"SUCCESS\" > \"${SCRIPT_OUTPUT_FILE_0}\"\n";
			showEnvVarsInLog = 0;
		};
		7E604F473E67B49806504E66 /* [CP] Check Pods Manifest.lock */ = {
			isa = PBXShellScriptBuildPhase;
			buildActionMask = 2147483647;
			files = (
			);
			inputFileListPaths = (
			);
			inputPaths = (
				"${PODS_PODFILE_DIR_PATH}/Podfile.lock",
				"${PODS_ROOT}/Manifest.lock",
			);
			name = "[CP] Check Pods Manifest.lock";
			outputFileListPaths = (
			);
			outputPaths = (
				"$(DERIVED_FILE_DIR)/Pods-AnimalCrossingDB-checkManifestLockResult.txt",
			);
			runOnlyForDeploymentPostprocessing = 0;
			shellPath = /bin/sh;
			shellScript = "diff \"${PODS_PODFILE_DIR_PATH}/Podfile.lock\" \"${PODS_ROOT}/Manifest.lock\" > /dev/null\nif [ $? != 0 ] ; then\n    # print error to STDERR\n    echo \"error: The sandbox is not in sync with the Podfile.lock. Run 'pod install' or update your CocoaPods installation.\" >&2\n    exit 1\nfi\n# This output is used by Xcode 'outputs' to avoid re-running this script phase.\necho \"SUCCESS\" > \"${SCRIPT_OUTPUT_FILE_0}\"\n";
			showEnvVarsInLog = 0;
		};
		926B636A24336FB200BF9D2B /* Crashlytics */ = {
			isa = PBXShellScriptBuildPhase;
			buildActionMask = 2147483647;
			files = (
			);
			inputFileListPaths = (
			);
			inputPaths = (
			);
			name = Crashlytics;
			outputFileListPaths = (
			);
			outputPaths = (
			);
			runOnlyForDeploymentPostprocessing = 0;
			shellPath = /bin/sh;
			shellScript = "${PODS_ROOT}/FirebaseCrashlytics/run\n";
		};
		DD648812967A7FAE9889CCC5 /* [CP] Embed Pods Frameworks */ = {
			isa = PBXShellScriptBuildPhase;
			buildActionMask = 2147483647;
			files = (
			);
			inputFileListPaths = (
				"${PODS_ROOT}/Target Support Files/Pods-AnimalCrossingDB/Pods-AnimalCrossingDB-frameworks-${CONFIGURATION}-input-files.xcfilelist",
			);
			name = "[CP] Embed Pods Frameworks";
			outputFileListPaths = (
				"${PODS_ROOT}/Target Support Files/Pods-AnimalCrossingDB/Pods-AnimalCrossingDB-frameworks-${CONFIGURATION}-output-files.xcfilelist",
			);
			runOnlyForDeploymentPostprocessing = 0;
			shellPath = /bin/sh;
			shellScript = "\"${PODS_ROOT}/Target Support Files/Pods-AnimalCrossingDB/Pods-AnimalCrossingDB-frameworks.sh\"\n";
			showEnvVarsInLog = 0;
		};
/* End PBXShellScriptBuildPhase section */

/* Begin PBXSourcesBuildPhase section */
		92BB60D22433610C008E23A4 /* Sources */ = {
			isa = PBXSourcesBuildPhase;
			buildActionMask = 2147483647;
			files = (
				927771042435CA0600314ADC /* FishDetailView.swift in Sources */,
				927771062435D06700314ADC /* FishDetailViewModel.swift in Sources */,
				926B63822434F10D00BF9D2B /* View+AnimalCrossingDB.swift in Sources */,
				927770F3243507CB00314ADC /* Versions.swift in Sources */,
				926B638B2434FE8F00BF9D2B /* Collectible.swift in Sources */,
				927771182435E90A00314ADC /* SettingViewModel.swift in Sources */,
				927771002435B71600314ADC /* SplashViewModel.swift in Sources */,
				922623E9243A1E0900080F0F /* Refresher.swift in Sources */,
				927771082435E24000314ADC /* TabBar.swift in Sources */,
				927771102435E62600314ADC /* InsectDetailView.swift in Sources */,
				926B63802434D0FF00BF9D2B /* Combine+WithLatestFrom.swift in Sources */,
				92BB60DA2433610C008E23A4 /* AppDelegate.swift in Sources */,
				9277711A2435E95800314ADC /* MailView.swift in Sources */,
				927770FB2435B3FD00314ADC /* SplashView.swift in Sources */,
				92BB60DC2433610C008E23A4 /* SceneDelegate.swift in Sources */,
				926B635A24336A7200BF9D2B /* CollectibleListView.swift in Sources */,
				9277711C2435FBDE00314ADC /* PushManager.swift in Sources */,
				926B636824336F6900BF9D2B /* StorageManager.swift in Sources */,
				927771122435E62F00314ADC /* InsectDetailViewModel.swift in Sources */,
				926B63862434F75600BF9D2B /* Insect.swift in Sources */,
				927770FD2435B49B00314ADC /* ActivityIndicator.swift in Sources */,
				9206FFCE2441B9FF002FD871 /* DateManager.swift in Sources */,
				926B637D2434D00700BF9D2B /* SearchBar.swift in Sources */,
				926B636524336F0200BF9D2B /* CollectibleListViewModel.swift in Sources */,
				927771212435FD4F00314ADC /* SwiftEntryKit+GangnamSister.swift in Sources */,
				926B637024337BF900BF9D2B /* Fish.swift in Sources */,
				927771162435E90200314ADC /* SettingView.swift in Sources */,
				926B635724336A1200BF9D2B /* MainTabView.swift in Sources */,
			);
			runOnlyForDeploymentPostprocessing = 0;
		};
		92BB60E82433610F008E23A4 /* Sources */ = {
			isa = PBXSourcesBuildPhase;
			buildActionMask = 2147483647;
			files = (
				92BB60F12433610F008E23A4 /* AnimalCrossingDBTests.swift in Sources */,
			);
			runOnlyForDeploymentPostprocessing = 0;
		};
/* End PBXSourcesBuildPhase section */

/* Begin PBXTargetDependency section */
		92BB60EE2433610F008E23A4 /* PBXTargetDependency */ = {
			isa = PBXTargetDependency;
			target = 92BB60D52433610C008E23A4 /* AnimalCrossingDB */;
			targetProxy = 92BB60ED2433610F008E23A4 /* PBXContainerItemProxy */;
		};
/* End PBXTargetDependency section */

/* Begin PBXVariantGroup section */
		92BB60E42433610E008E23A4 /* LaunchScreen.storyboard */ = {
			isa = PBXVariantGroup;
			children = (
				92BB60E52433610E008E23A4 /* Base */,
				927771242436244000314ADC /* ko */,
			);
			name = LaunchScreen.storyboard;
			sourceTree = "<group>";
		};
/* End PBXVariantGroup section */

/* Begin XCBuildConfiguration section */
		92BB60F32433610F008E23A4 /* Debug */ = {
			isa = XCBuildConfiguration;
			buildSettings = {
				ALWAYS_SEARCH_USER_PATHS = NO;
				CLANG_ANALYZER_LOCALIZABILITY_NONLOCALIZED = YES;
				CLANG_ANALYZER_NONNULL = YES;
				CLANG_ANALYZER_NUMBER_OBJECT_CONVERSION = YES_AGGRESSIVE;
				CLANG_CXX_LANGUAGE_STANDARD = "gnu++14";
				CLANG_CXX_LIBRARY = "libc++";
				CLANG_ENABLE_MODULES = YES;
				CLANG_ENABLE_OBJC_ARC = YES;
				CLANG_ENABLE_OBJC_WEAK = YES;
				CLANG_WARN_BLOCK_CAPTURE_AUTORELEASING = YES;
				CLANG_WARN_BOOL_CONVERSION = YES;
				CLANG_WARN_COMMA = YES;
				CLANG_WARN_CONSTANT_CONVERSION = YES;
				CLANG_WARN_DEPRECATED_OBJC_IMPLEMENTATIONS = YES;
				CLANG_WARN_DIRECT_OBJC_ISA_USAGE = YES_ERROR;
				CLANG_WARN_DOCUMENTATION_COMMENTS = YES;
				CLANG_WARN_EMPTY_BODY = YES;
				CLANG_WARN_ENUM_CONVERSION = YES;
				CLANG_WARN_INFINITE_RECURSION = YES;
				CLANG_WARN_INT_CONVERSION = YES;
				CLANG_WARN_NON_LITERAL_NULL_CONVERSION = YES;
				CLANG_WARN_OBJC_IMPLICIT_RETAIN_SELF = YES;
				CLANG_WARN_OBJC_LITERAL_CONVERSION = YES;
				CLANG_WARN_OBJC_ROOT_CLASS = YES_ERROR;
				CLANG_WARN_RANGE_LOOP_ANALYSIS = YES;
				CLANG_WARN_STRICT_PROTOTYPES = YES;
				CLANG_WARN_SUSPICIOUS_MOVE = YES;
				CLANG_WARN_UNGUARDED_AVAILABILITY = YES_AGGRESSIVE;
				CLANG_WARN_UNREACHABLE_CODE = YES;
				CLANG_WARN__DUPLICATE_METHOD_MATCH = YES;
				COPY_PHASE_STRIP = NO;
				DEBUG_INFORMATION_FORMAT = dwarf;
				ENABLE_STRICT_OBJC_MSGSEND = YES;
				ENABLE_TESTABILITY = YES;
				GCC_C_LANGUAGE_STANDARD = gnu11;
				GCC_DYNAMIC_NO_PIC = NO;
				GCC_NO_COMMON_BLOCKS = YES;
				GCC_OPTIMIZATION_LEVEL = 0;
				GCC_PREPROCESSOR_DEFINITIONS = (
					"DEBUG=1",
					"$(inherited)",
				);
				GCC_WARN_64_TO_32_BIT_CONVERSION = YES;
				GCC_WARN_ABOUT_RETURN_TYPE = YES_ERROR;
				GCC_WARN_UNDECLARED_SELECTOR = YES;
				GCC_WARN_UNINITIALIZED_AUTOS = YES_AGGRESSIVE;
				GCC_WARN_UNUSED_FUNCTION = YES;
				GCC_WARN_UNUSED_VARIABLE = YES;
				IPHONEOS_DEPLOYMENT_TARGET = 13.4;
				MTL_ENABLE_DEBUG_INFO = INCLUDE_SOURCE;
				MTL_FAST_MATH = YES;
				ONLY_ACTIVE_ARCH = YES;
				SDKROOT = iphoneos;
				SWIFT_ACTIVE_COMPILATION_CONDITIONS = DEBUG;
				SWIFT_OPTIMIZATION_LEVEL = "-Onone";
			};
			name = Debug;
		};
		92BB60F42433610F008E23A4 /* Release */ = {
			isa = XCBuildConfiguration;
			buildSettings = {
				ALWAYS_SEARCH_USER_PATHS = NO;
				CLANG_ANALYZER_LOCALIZABILITY_NONLOCALIZED = YES;
				CLANG_ANALYZER_NONNULL = YES;
				CLANG_ANALYZER_NUMBER_OBJECT_CONVERSION = YES_AGGRESSIVE;
				CLANG_CXX_LANGUAGE_STANDARD = "gnu++14";
				CLANG_CXX_LIBRARY = "libc++";
				CLANG_ENABLE_MODULES = YES;
				CLANG_ENABLE_OBJC_ARC = YES;
				CLANG_ENABLE_OBJC_WEAK = YES;
				CLANG_WARN_BLOCK_CAPTURE_AUTORELEASING = YES;
				CLANG_WARN_BOOL_CONVERSION = YES;
				CLANG_WARN_COMMA = YES;
				CLANG_WARN_CONSTANT_CONVERSION = YES;
				CLANG_WARN_DEPRECATED_OBJC_IMPLEMENTATIONS = YES;
				CLANG_WARN_DIRECT_OBJC_ISA_USAGE = YES_ERROR;
				CLANG_WARN_DOCUMENTATION_COMMENTS = YES;
				CLANG_WARN_EMPTY_BODY = YES;
				CLANG_WARN_ENUM_CONVERSION = YES;
				CLANG_WARN_INFINITE_RECURSION = YES;
				CLANG_WARN_INT_CONVERSION = YES;
				CLANG_WARN_NON_LITERAL_NULL_CONVERSION = YES;
				CLANG_WARN_OBJC_IMPLICIT_RETAIN_SELF = YES;
				CLANG_WARN_OBJC_LITERAL_CONVERSION = YES;
				CLANG_WARN_OBJC_ROOT_CLASS = YES_ERROR;
				CLANG_WARN_RANGE_LOOP_ANALYSIS = YES;
				CLANG_WARN_STRICT_PROTOTYPES = YES;
				CLANG_WARN_SUSPICIOUS_MOVE = YES;
				CLANG_WARN_UNGUARDED_AVAILABILITY = YES_AGGRESSIVE;
				CLANG_WARN_UNREACHABLE_CODE = YES;
				CLANG_WARN__DUPLICATE_METHOD_MATCH = YES;
				COPY_PHASE_STRIP = NO;
				DEBUG_INFORMATION_FORMAT = "dwarf-with-dsym";
				ENABLE_NS_ASSERTIONS = NO;
				ENABLE_STRICT_OBJC_MSGSEND = YES;
				GCC_C_LANGUAGE_STANDARD = gnu11;
				GCC_NO_COMMON_BLOCKS = YES;
				GCC_WARN_64_TO_32_BIT_CONVERSION = YES;
				GCC_WARN_ABOUT_RETURN_TYPE = YES_ERROR;
				GCC_WARN_UNDECLARED_SELECTOR = YES;
				GCC_WARN_UNINITIALIZED_AUTOS = YES_AGGRESSIVE;
				GCC_WARN_UNUSED_FUNCTION = YES;
				GCC_WARN_UNUSED_VARIABLE = YES;
				IPHONEOS_DEPLOYMENT_TARGET = 13.4;
				MTL_ENABLE_DEBUG_INFO = NO;
				MTL_FAST_MATH = YES;
				SDKROOT = iphoneos;
				SWIFT_COMPILATION_MODE = wholemodule;
				SWIFT_OPTIMIZATION_LEVEL = "-O";
				VALIDATE_PRODUCT = YES;
			};
			name = Release;
		};
		92BB60F62433610F008E23A4 /* Debug */ = {
			isa = XCBuildConfiguration;
			baseConfigurationReference = 3C9FE94EA5B3A7DE2757351E /* Pods-AnimalCrossingDB.debug.xcconfig */;
			buildSettings = {
				ASSETCATALOG_COMPILER_APPICON_NAME = AppIcon;
				CODE_SIGN_STYLE = Automatic;
				CURRENT_PROJECT_VERSION = 1;
				DEVELOPMENT_ASSET_PATHS = "\"AnimalCrossingDB/Preview Content\"";
				DEVELOPMENT_TEAM = 4BHXT8RHFR;
				ENABLE_PREVIEWS = YES;
				FRAMEWORK_SEARCH_PATHS = (
					"$(inherited)",
					"$(PROJECT_DIR)/SDK",
				);
				INFOPLIST_FILE = AnimalCrossingDB/Info.plist;
				IPHONEOS_DEPLOYMENT_TARGET = 13.0;
				LD_RUNPATH_SEARCH_PATHS = (
					"$(inherited)",
					"@executable_path/Frameworks",
				);
				MARKETING_VERSION = 1.1;
				PRODUCT_BUNDLE_IDENTIFIER = com.ShirouCo.AnimalCrossingDB;
				PRODUCT_NAME = "채집보벳따우";
				SWIFT_VERSION = 5.0;
				TARGETED_DEVICE_FAMILY = "1,2";
			};
			name = Debug;
		};
		92BB60F72433610F008E23A4 /* Release */ = {
			isa = XCBuildConfiguration;
			baseConfigurationReference = 8DFB4D78EDC116FC017D0B29 /* Pods-AnimalCrossingDB.release.xcconfig */;
			buildSettings = {
				ASSETCATALOG_COMPILER_APPICON_NAME = AppIcon;
				CODE_SIGN_STYLE = Automatic;
				CURRENT_PROJECT_VERSION = 1;
				DEVELOPMENT_ASSET_PATHS = "\"AnimalCrossingDB/Preview Content\"";
				DEVELOPMENT_TEAM = 4BHXT8RHFR;
				ENABLE_PREVIEWS = YES;
				FRAMEWORK_SEARCH_PATHS = (
					"$(inherited)",
					"$(PROJECT_DIR)/SDK",
				);
				INFOPLIST_FILE = AnimalCrossingDB/Info.plist;
				IPHONEOS_DEPLOYMENT_TARGET = 13.0;
				LD_RUNPATH_SEARCH_PATHS = (
					"$(inherited)",
					"@executable_path/Frameworks",
				);
				MARKETING_VERSION = 1.1;
				PRODUCT_BUNDLE_IDENTIFIER = com.ShirouCo.AnimalCrossingDB;
				PRODUCT_NAME = "채집보벳따우";
				SWIFT_VERSION = 5.0;
				TARGETED_DEVICE_FAMILY = "1,2";
			};
			name = Release;
		};
		92BB60F92433610F008E23A4 /* Debug */ = {
			isa = XCBuildConfiguration;
			baseConfigurationReference = BE724DB6D36683AE8D02CF5D /* Pods-AnimalCrossingDBTests.debug.xcconfig */;
			buildSettings = {
				ALWAYS_EMBED_SWIFT_STANDARD_LIBRARIES = YES;
				BUNDLE_LOADER = "$(TEST_HOST)";
				CODE_SIGN_STYLE = Automatic;
				DEVELOPMENT_TEAM = 4BHXT8RHFR;
				INFOPLIST_FILE = AnimalCrossingDBTests/Info.plist;
				IPHONEOS_DEPLOYMENT_TARGET = 13.4;
				LD_RUNPATH_SEARCH_PATHS = (
					"$(inherited)",
					"@executable_path/Frameworks",
					"@loader_path/Frameworks",
				);
				PRODUCT_BUNDLE_IDENTIFIER = com.ShirouCo.AnimalCrossingDBTests;
				PRODUCT_NAME = "$(TARGET_NAME)";
				SWIFT_VERSION = 5.0;
				TARGETED_DEVICE_FAMILY = "1,2";
				TEST_HOST = "$(BUILT_PRODUCTS_DIR)/AnimalCrossingDB.app/AnimalCrossingDB";
			};
			name = Debug;
		};
		92BB60FA2433610F008E23A4 /* Release */ = {
			isa = XCBuildConfiguration;
			baseConfigurationReference = E8858EFAB9D71F770090CF2F /* Pods-AnimalCrossingDBTests.release.xcconfig */;
			buildSettings = {
				ALWAYS_EMBED_SWIFT_STANDARD_LIBRARIES = YES;
				BUNDLE_LOADER = "$(TEST_HOST)";
				CODE_SIGN_STYLE = Automatic;
				DEVELOPMENT_TEAM = 4BHXT8RHFR;
				INFOPLIST_FILE = AnimalCrossingDBTests/Info.plist;
				IPHONEOS_DEPLOYMENT_TARGET = 13.4;
				LD_RUNPATH_SEARCH_PATHS = (
					"$(inherited)",
					"@executable_path/Frameworks",
					"@loader_path/Frameworks",
				);
				PRODUCT_BUNDLE_IDENTIFIER = com.ShirouCo.AnimalCrossingDBTests;
				PRODUCT_NAME = "$(TARGET_NAME)";
				SWIFT_VERSION = 5.0;
				TARGETED_DEVICE_FAMILY = "1,2";
				TEST_HOST = "$(BUILT_PRODUCTS_DIR)/AnimalCrossingDB.app/AnimalCrossingDB";
			};
			name = Release;
		};
/* End XCBuildConfiguration section */

/* Begin XCConfigurationList section */
		92BB60D12433610C008E23A4 /* Build configuration list for PBXProject "AnimalCrossingDB" */ = {
			isa = XCConfigurationList;
			buildConfigurations = (
				92BB60F32433610F008E23A4 /* Debug */,
				92BB60F42433610F008E23A4 /* Release */,
			);
			defaultConfigurationIsVisible = 0;
			defaultConfigurationName = Release;
		};
		92BB60F52433610F008E23A4 /* Build configuration list for PBXNativeTarget "AnimalCrossingDB" */ = {
			isa = XCConfigurationList;
			buildConfigurations = (
				92BB60F62433610F008E23A4 /* Debug */,
				92BB60F72433610F008E23A4 /* Release */,
			);
			defaultConfigurationIsVisible = 0;
			defaultConfigurationName = Release;
		};
		92BB60F82433610F008E23A4 /* Build configuration list for PBXNativeTarget "AnimalCrossingDBTests" */ = {
			isa = XCConfigurationList;
			buildConfigurations = (
				92BB60F92433610F008E23A4 /* Debug */,
				92BB60FA2433610F008E23A4 /* Release */,
			);
			defaultConfigurationIsVisible = 0;
			defaultConfigurationName = Release;
		};
/* End XCConfigurationList section */

/* Begin XCRemoteSwiftPackageReference section */
		927770EF243506D300314ADC /* XCRemoteSwiftPackageReference "SwiftyUserDefaults" */ = {
			isa = XCRemoteSwiftPackageReference;
			repositoryURL = "https://github.com/sunshinejr/SwiftyUserDefaults";
			requirement = {
				kind = upToNextMajorVersion;
				minimumVersion = 5.0.0;
			};
		};
		927770F424350FBA00314ADC /* XCRemoteSwiftPackageReference "ZIPFoundation" */ = {
			isa = XCRemoteSwiftPackageReference;
			repositoryURL = "https://github.com/weichsel/ZIPFoundation";
			requirement = {
				kind = upToNextMajorVersion;
				minimumVersion = 0.9.11;
			};
		};
		9277711D2435FCA300314ADC /* XCRemoteSwiftPackageReference "SwiftEntryKit" */ = {
			isa = XCRemoteSwiftPackageReference;
			repositoryURL = "https://github.com/huri000/SwiftEntryKit";
			requirement = {
				kind = upToNextMajorVersion;
				minimumVersion = 1.2.3;
			};
		};
		92BB60FE2433623E008E23A4 /* XCRemoteSwiftPackageReference "SwifterSwift" */ = {
			isa = XCRemoteSwiftPackageReference;
			repositoryURL = "https://github.com/SwifterSwift/SwifterSwift";
			requirement = {
				kind = upToNextMajorVersion;
				minimumVersion = 5.1.0;
			};
		};
/* End XCRemoteSwiftPackageReference section */

/* Begin XCSwiftPackageProductDependency section */
		927770F0243506D300314ADC /* SwiftyUserDefaults */ = {
			isa = XCSwiftPackageProductDependency;
			package = 927770EF243506D300314ADC /* XCRemoteSwiftPackageReference "SwiftyUserDefaults" */;
			productName = SwiftyUserDefaults;
		};
		927770F524350FBA00314ADC /* ZIPFoundation */ = {
			isa = XCSwiftPackageProductDependency;
			package = 927770F424350FBA00314ADC /* XCRemoteSwiftPackageReference "ZIPFoundation" */;
			productName = ZIPFoundation;
		};
		9277711E2435FCA300314ADC /* SwiftEntryKit */ = {
			isa = XCSwiftPackageProductDependency;
			package = 9277711D2435FCA300314ADC /* XCRemoteSwiftPackageReference "SwiftEntryKit" */;
			productName = SwiftEntryKit;
		};
		92BB60FF2433623E008E23A4 /* SwifterSwift */ = {
			isa = XCSwiftPackageProductDependency;
			package = 92BB60FE2433623E008E23A4 /* XCRemoteSwiftPackageReference "SwifterSwift" */;
			productName = SwifterSwift;
		};
/* End XCSwiftPackageProductDependency section */
	};
	rootObject = 92BB60CE2433610C008E23A4 /* Project object */;
}
